// !$*UTF8*$!
{
	archiveVersion = 1;
	classes = {
	};
	objectVersion = 56;
	objects = {

/* Begin PBXBuildFile section */
		DD52B1B92B39806C00243E1B /* AppetizerDetailView.swift in Sources */ = {isa = PBXBuildFile; fileRef = DD52B1B82B39806C00243E1B /* AppetizerDetailView.swift */; };
		DD52B1BC2B39967D00243E1B /* APButton.swift in Sources */ = {isa = PBXBuildFile; fileRef = DD52B1BB2B39967D00243E1B /* APButton.swift */; };
		DD52B1BE2B39984200243E1B /* XDismissButton.swift in Sources */ = {isa = PBXBuildFile; fileRef = DD52B1BD2B39984200243E1B /* XDismissButton.swift */; };
		DD52B1C02B39A48800243E1B /* AccountViewModel.swift in Sources */ = {isa = PBXBuildFile; fileRef = DD52B1BF2B39A48800243E1B /* AccountViewModel.swift */; };
		DD52B1C22B39AF7500243E1B /* String+Ext.swift in Sources */ = {isa = PBXBuildFile; fileRef = DD52B1C12B39AF7500243E1B /* String+Ext.swift */; };
		DD52B1C42B39BA0700243E1B /* User.swift in Sources */ = {isa = PBXBuildFile; fileRef = DD52B1C32B39BA0700243E1B /* User.swift */; };
		DD52B1C62B39C75300243E1B /* OrderViewModel.swift in Sources */ = {isa = PBXBuildFile; fileRef = DD52B1C52B39C75300243E1B /* OrderViewModel.swift */; };
		DD849D892B382DDD0083F17F /* AppetizersApp.swift in Sources */ = {isa = PBXBuildFile; fileRef = DD849D882B382DDD0083F17F /* AppetizersApp.swift */; };
		DD849D8B2B382DDD0083F17F /* AppetizerTabView.swift in Sources */ = {isa = PBXBuildFile; fileRef = DD849D8A2B382DDD0083F17F /* AppetizerTabView.swift */; };
		DD849D8D2B382DDF0083F17F /* Assets.xcassets in Resources */ = {isa = PBXBuildFile; fileRef = DD849D8C2B382DDF0083F17F /* Assets.xcassets */; };
		DD849D902B382DDF0083F17F /* Preview Assets.xcassets in Resources */ = {isa = PBXBuildFile; fileRef = DD849D8F2B382DDF0083F17F /* Preview Assets.xcassets */; };
		DD849D972B382E530083F17F /* AppetizerListView.swift in Sources */ = {isa = PBXBuildFile; fileRef = DD849D962B382E530083F17F /* AppetizerListView.swift */; };
		DD849D992B382E630083F17F /* AccountView.swift in Sources */ = {isa = PBXBuildFile; fileRef = DD849D982B382E630083F17F /* AccountView.swift */; };
		DD849D9B2B382E750083F17F /* OrderView.swift in Sources */ = {isa = PBXBuildFile; fileRef = DD849D9A2B382E750083F17F /* OrderView.swift */; };
		DD849D9D2B3835980083F17F /* Appetizer.swift in Sources */ = {isa = PBXBuildFile; fileRef = DD849D9C2B3835980083F17F /* Appetizer.swift */; };
		DD849D9F2B383CD60083F17F /* AppetizerListCell.swift in Sources */ = {isa = PBXBuildFile; fileRef = DD849D9E2B383CD60083F17F /* AppetizerListCell.swift */; };
		DD849DA12B383E8C0083F17F /* NetworkManager.swift in Sources */ = {isa = PBXBuildFile; fileRef = DD849DA02B383E8C0083F17F /* NetworkManager.swift */; };
		DD849DA32B383F9D0083F17F /* APError.swift in Sources */ = {isa = PBXBuildFile; fileRef = DD849DA22B383F9D0083F17F /* APError.swift */; };
		DD849DA52B384F740083F17F /* AppetizerListViewModel.swift in Sources */ = {isa = PBXBuildFile; fileRef = DD849DA42B384F740083F17F /* AppetizerListViewModel.swift */; };
		DD849DA72B385DF80083F17F /* Alert.swift in Sources */ = {isa = PBXBuildFile; fileRef = DD849DA62B385DF80083F17F /* Alert.swift */; };
		DD849DA92B386CD80083F17F /* LoadingView.swift in Sources */ = {isa = PBXBuildFile; fileRef = DD849DA82B386CD80083F17F /* LoadingView.swift */; };
		DD849DAB2B386D9C0083F17F /* Color+Ext.swift in Sources */ = {isa = PBXBuildFile; fileRef = DD849DAA2B386D9C0083F17F /* Color+Ext.swift */; };
		DD849DAD2B387CB90083F17F /* RemoteImage.swift in Sources */ = {isa = PBXBuildFile; fileRef = DD849DAC2B387CB90083F17F /* RemoteImage.swift */; };
/* End PBXBuildFile section */

/* Begin PBXFileReference section */
		DD52B1B82B39806C00243E1B /* AppetizerDetailView.swift */ = {isa = PBXFileReference; lastKnownFileType = sourcecode.swift; path = AppetizerDetailView.swift; sourceTree = "<group>"; };
		DD52B1BB2B39967D00243E1B /* APButton.swift */ = {isa = PBXFileReference; lastKnownFileType = sourcecode.swift; path = APButton.swift; sourceTree = "<group>"; };
		DD52B1BD2B39984200243E1B /* XDismissButton.swift */ = {isa = PBXFileReference; lastKnownFileType = sourcecode.swift; path = XDismissButton.swift; sourceTree = "<group>"; };
		DD52B1BF2B39A48800243E1B /* AccountViewModel.swift */ = {isa = PBXFileReference; lastKnownFileType = sourcecode.swift; path = AccountViewModel.swift; sourceTree = "<group>"; };
		DD52B1C12B39AF7500243E1B /* String+Ext.swift */ = {isa = PBXFileReference; lastKnownFileType = sourcecode.swift; path = "String+Ext.swift"; sourceTree = "<group>"; };
		DD52B1C32B39BA0700243E1B /* User.swift */ = {isa = PBXFileReference; lastKnownFileType = sourcecode.swift; path = User.swift; sourceTree = "<group>"; };
		DD52B1C52B39C75300243E1B /* OrderViewModel.swift */ = {isa = PBXFileReference; lastKnownFileType = sourcecode.swift; path = OrderViewModel.swift; sourceTree = "<group>"; };
		DD849D852B382DDD0083F17F /* Appetizers.app */ = {isa = PBXFileReference; explicitFileType = wrapper.application; includeInIndex = 0; path = Appetizers.app; sourceTree = BUILT_PRODUCTS_DIR; };
		DD849D882B382DDD0083F17F /* AppetizersApp.swift */ = {isa = PBXFileReference; lastKnownFileType = sourcecode.swift; path = AppetizersApp.swift; sourceTree = "<group>"; };
		DD849D8A2B382DDD0083F17F /* AppetizerTabView.swift */ = {isa = PBXFileReference; lastKnownFileType = sourcecode.swift; path = AppetizerTabView.swift; sourceTree = "<group>"; };
		DD849D8C2B382DDF0083F17F /* Assets.xcassets */ = {isa = PBXFileReference; lastKnownFileType = folder.assetcatalog; path = Assets.xcassets; sourceTree = "<group>"; };
		DD849D8F2B382DDF0083F17F /* Preview Assets.xcassets */ = {isa = PBXFileReference; lastKnownFileType = folder.assetcatalog; path = "Preview Assets.xcassets"; sourceTree = "<group>"; };
		DD849D962B382E530083F17F /* AppetizerListView.swift */ = {isa = PBXFileReference; lastKnownFileType = sourcecode.swift; path = AppetizerListView.swift; sourceTree = "<group>"; };
		DD849D982B382E630083F17F /* AccountView.swift */ = {isa = PBXFileReference; lastKnownFileType = sourcecode.swift; path = AccountView.swift; sourceTree = "<group>"; };
		DD849D9A2B382E750083F17F /* OrderView.swift */ = {isa = PBXFileReference; lastKnownFileType = sourcecode.swift; path = OrderView.swift; sourceTree = "<group>"; };
		DD849D9C2B3835980083F17F /* Appetizer.swift */ = {isa = PBXFileReference; lastKnownFileType = sourcecode.swift; path = Appetizer.swift; sourceTree = "<group>"; };
		DD849D9E2B383CD60083F17F /* AppetizerListCell.swift */ = {isa = PBXFileReference; lastKnownFileType = sourcecode.swift; path = AppetizerListCell.swift; sourceTree = "<group>"; };
		DD849DA02B383E8C0083F17F /* NetworkManager.swift */ = {isa = PBXFileReference; lastKnownFileType = sourcecode.swift; path = NetworkManager.swift; sourceTree = "<group>"; };
		DD849DA22B383F9D0083F17F /* APError.swift */ = {isa = PBXFileReference; lastKnownFileType = sourcecode.swift; path = APError.swift; sourceTree = "<group>"; };
		DD849DA42B384F740083F17F /* AppetizerListViewModel.swift */ = {isa = PBXFileReference; lastKnownFileType = sourcecode.swift; path = AppetizerListViewModel.swift; sourceTree = "<group>"; };
		DD849DA62B385DF80083F17F /* Alert.swift */ = {isa = PBXFileReference; lastKnownFileType = sourcecode.swift; path = Alert.swift; sourceTree = "<group>"; };
		DD849DA82B386CD80083F17F /* LoadingView.swift */ = {isa = PBXFileReference; lastKnownFileType = sourcecode.swift; path = LoadingView.swift; sourceTree = "<group>"; };
		DD849DAA2B386D9C0083F17F /* Color+Ext.swift */ = {isa = PBXFileReference; lastKnownFileType = sourcecode.swift; path = "Color+Ext.swift"; sourceTree = "<group>"; };
		DD849DAC2B387CB90083F17F /* RemoteImage.swift */ = {isa = PBXFileReference; lastKnownFileType = sourcecode.swift; path = RemoteImage.swift; sourceTree = "<group>"; };
/* End PBXFileReference section */

/* Begin PBXFrameworksBuildPhase section */
		DD849D822B382DDD0083F17F /* Frameworks */ = {
			isa = PBXFrameworksBuildPhase;
			buildActionMask = 2147483647;
			files = (
			);
			runOnlyForDeploymentPostprocessing = 0;
		};
/* End PBXFrameworksBuildPhase section */

/* Begin PBXGroup section */
		DD52B1BA2B39966200243E1B /* Buttons */ = {
			isa = PBXGroup;
			children = (
				DD52B1BB2B39967D00243E1B /* APButton.swift */,
				DD52B1BD2B39984200243E1B /* XDismissButton.swift */,
			);
			path = Buttons;
			sourceTree = "<group>";
		};
		DD849D7C2B382DDD0083F17F = {
			isa = PBXGroup;
			children = (
				DD849D872B382DDD0083F17F /* Appetizers */,
				DD849D862B382DDD0083F17F /* Products */,
			);
			sourceTree = "<group>";
		};
		DD849D862B382DDD0083F17F /* Products */ = {
			isa = PBXGroup;
			children = (
				DD849D852B382DDD0083F17F /* Appetizers.app */,
			);
			name = Products;
			sourceTree = "<group>";
		};
		DD849D872B382DDD0083F17F /* Appetizers */ = {
			isa = PBXGroup;
			children = (
				DD849D882B382DDD0083F17F /* AppetizersApp.swift */,
				DD849DB62B3885960083F17F /* Model */,
				DD849DB22B3885160083F17F /* Utilities */,
				DD849DB72B3885DB0083F17F /* Views */,
				DD849DAE2B3884990083F17F /* Screens */,
				DD849D8C2B382DDF0083F17F /* Assets.xcassets */,
				DD849D8E2B382DDF0083F17F /* Preview Content */,
			);
			path = Appetizers;
			sourceTree = "<group>";
		};
		DD849D8E2B382DDF0083F17F /* Preview Content */ = {
			isa = PBXGroup;
			children = (
				DD849D8F2B382DDF0083F17F /* Preview Assets.xcassets */,
			);
			path = "Preview Content";
			sourceTree = "<group>";
		};
		DD849DAE2B3884990083F17F /* Screens */ = {
			isa = PBXGroup;
			children = (
				DD849D8A2B382DDD0083F17F /* AppetizerTabView.swift */,
				DD849DAF2B3884A50083F17F /* AppetizerListView */,
				DD849DB02B3884B00083F17F /* AccountView */,
				DD849DB12B3884B70083F17F /* OrderView */,
			);
			path = Screens;
			sourceTree = "<group>";
		};
		DD849DAF2B3884A50083F17F /* AppetizerListView */ = {
			isa = PBXGroup;
			children = (
				DD849D962B382E530083F17F /* AppetizerListView.swift */,
				DD52B1B82B39806C00243E1B /* AppetizerDetailView.swift */,
				DD849DA42B384F740083F17F /* AppetizerListViewModel.swift */,
			);
			path = AppetizerListView;
			sourceTree = "<group>";
		};
		DD849DB02B3884B00083F17F /* AccountView */ = {
			isa = PBXGroup;
			children = (
				DD849D982B382E630083F17F /* AccountView.swift */,
				DD52B1BF2B39A48800243E1B /* AccountViewModel.swift */,
			);
			path = AccountView;
			sourceTree = "<group>";
		};
		DD849DB12B3884B70083F17F /* OrderView */ = {
			isa = PBXGroup;
			children = (
				DD849D9A2B382E750083F17F /* OrderView.swift */,
				DD52B1C52B39C75300243E1B /* OrderViewModel.swift */,
			);
			path = OrderView;
			sourceTree = "<group>";
		};
		DD849DB22B3885160083F17F /* Utilities */ = {
			isa = PBXGroup;
			children = (
				DD849DB52B3885630083F17F /* Alert */,
				DD849DB42B3885390083F17F /* Extensions */,
				DD849DB32B3885280083F17F /* Managers */,
			);
			path = Utilities;
			sourceTree = "<group>";
		};
		DD849DB32B3885280083F17F /* Managers */ = {
			isa = PBXGroup;
			children = (
				DD849DA02B383E8C0083F17F /* NetworkManager.swift */,
			);
			path = Managers;
			sourceTree = "<group>";
		};
		DD849DB42B3885390083F17F /* Extensions */ = {
			isa = PBXGroup;
			children = (
				DD849DAA2B386D9C0083F17F /* Color+Ext.swift */,
				DD52B1C12B39AF7500243E1B /* String+Ext.swift */,
			);
			path = Extensions;
			sourceTree = "<group>";
		};
		DD849DB52B3885630083F17F /* Alert */ = {
			isa = PBXGroup;
			children = (
				DD849DA62B385DF80083F17F /* Alert.swift */,
				DD849DA22B383F9D0083F17F /* APError.swift */,
			);
			path = Alert;
			sourceTree = "<group>";
		};
		DD849DB62B3885960083F17F /* Model */ = {
			isa = PBXGroup;
			children = (
				DD849D9C2B3835980083F17F /* Appetizer.swift */,
				DD52B1C32B39BA0700243E1B /* User.swift */,
			);
			path = Model;
			sourceTree = "<group>";
		};
		DD849DB72B3885DB0083F17F /* Views */ = {
			isa = PBXGroup;
			children = (
				DD52B1BA2B39966200243E1B /* Buttons */,
				DD849DBA2B3886130083F17F /* Image */,
				DD849DB92B3885F60083F17F /* Cells */,
				DD849DB82B3885EA0083F17F /* UIKit Components */,
			);
			path = Views;
			sourceTree = "<group>";
		};
		DD849DB82B3885EA0083F17F /* UIKit Components */ = {
			isa = PBXGroup;
			children = (
				DD849DA82B386CD80083F17F /* LoadingView.swift */,
			);
			path = "UIKit Components";
			sourceTree = "<group>";
		};
		DD849DB92B3885F60083F17F /* Cells */ = {
			isa = PBXGroup;
			children = (
				DD849D9E2B383CD60083F17F /* AppetizerListCell.swift */,
			);
			path = Cells;
			sourceTree = "<group>";
		};
		DD849DBA2B3886130083F17F /* Image */ = {
			isa = PBXGroup;
			children = (
				DD849DAC2B387CB90083F17F /* RemoteImage.swift */,
			);
			path = Image;
			sourceTree = "<group>";
		};
/* End PBXGroup section */

/* Begin PBXNativeTarget section */
		DD849D842B382DDD0083F17F /* Appetizers */ = {
			isa = PBXNativeTarget;
			buildConfigurationList = DD849D932B382DDF0083F17F /* Build configuration list for PBXNativeTarget "Appetizers" */;
			buildPhases = (
				DD849D812B382DDD0083F17F /* Sources */,
				DD849D822B382DDD0083F17F /* Frameworks */,
				DD849D832B382DDD0083F17F /* Resources */,
			);
			buildRules = (
			);
			dependencies = (
			);
			name = Appetizers;
			productName = Appetizers;
			productReference = DD849D852B382DDD0083F17F /* Appetizers.app */;
			productType = "com.apple.product-type.application";
		};
/* End PBXNativeTarget section */

/* Begin PBXProject section */
		DD849D7D2B382DDD0083F17F /* Project object */ = {
			isa = PBXProject;
			attributes = {
				BuildIndependentTargetsInParallel = 1;
				LastSwiftUpdateCheck = 1510;
				LastUpgradeCheck = 1510;
				TargetAttributes = {
					DD849D842B382DDD0083F17F = {
						CreatedOnToolsVersion = 15.1;
					};
				};
			};
			buildConfigurationList = DD849D802B382DDD0083F17F /* Build configuration list for PBXProject "Appetizers" */;
			compatibilityVersion = "Xcode 14.0";
			developmentRegion = en;
			hasScannedForEncodings = 0;
			knownRegions = (
				en,
				Base,
			);
			mainGroup = DD849D7C2B382DDD0083F17F;
			productRefGroup = DD849D862B382DDD0083F17F /* Products */;
			projectDirPath = "";
			projectRoot = "";
			targets = (
				DD849D842B382DDD0083F17F /* Appetizers */,
			);
		};
/* End PBXProject section */

/* Begin PBXResourcesBuildPhase section */
		DD849D832B382DDD0083F17F /* Resources */ = {
			isa = PBXResourcesBuildPhase;
			buildActionMask = 2147483647;
			files = (
				DD849D902B382DDF0083F17F /* Preview Assets.xcassets in Resources */,
				DD849D8D2B382DDF0083F17F /* Assets.xcassets in Resources */,
			);
			runOnlyForDeploymentPostprocessing = 0;
		};
/* End PBXResourcesBuildPhase section */

/* Begin PBXSourcesBuildPhase section */
		DD849D812B382DDD0083F17F /* Sources */ = {
			isa = PBXSourcesBuildPhase;
			buildActionMask = 2147483647;
			files = (
				DD52B1C02B39A48800243E1B /* AccountViewModel.swift in Sources */,
				DD849D9D2B3835980083F17F /* Appetizer.swift in Sources */,
				DD849DA32B383F9D0083F17F /* APError.swift in Sources */,
				DD52B1BE2B39984200243E1B /* XDismissButton.swift in Sources */,
				DD849D9F2B383CD60083F17F /* AppetizerListCell.swift in Sources */,
				DD849DA52B384F740083F17F /* AppetizerListViewModel.swift in Sources */,
				DD849DAB2B386D9C0083F17F /* Color+Ext.swift in Sources */,
				DD849D992B382E630083F17F /* AccountView.swift in Sources */,
				DD52B1C42B39BA0700243E1B /* User.swift in Sources */,
				DD52B1BC2B39967D00243E1B /* APButton.swift in Sources */,
				DD849DA92B386CD80083F17F /* LoadingView.swift in Sources */,
				DD849D8B2B382DDD0083F17F /* AppetizerTabView.swift in Sources */,
				DD52B1C62B39C75300243E1B /* OrderViewModel.swift in Sources */,
				DD849DA12B383E8C0083F17F /* NetworkManager.swift in Sources */,
				DD849DAD2B387CB90083F17F /* RemoteImage.swift in Sources */,
				DD52B1C22B39AF7500243E1B /* String+Ext.swift in Sources */,
				DD849D892B382DDD0083F17F /* AppetizersApp.swift in Sources */,
				DD849DA72B385DF80083F17F /* Alert.swift in Sources */,
				DD849D972B382E530083F17F /* AppetizerListView.swift in Sources */,
				DD52B1B92B39806C00243E1B /* AppetizerDetailView.swift in Sources */,
				DD849D9B2B382E750083F17F /* OrderView.swift in Sources */,
			);
			runOnlyForDeploymentPostprocessing = 0;
		};
/* End PBXSourcesBuildPhase section */

/* Begin XCBuildConfiguration section */
		DD849D912B382DDF0083F17F /* Debug */ = {
			isa = XCBuildConfiguration;
			buildSettings = {
				ALWAYS_SEARCH_USER_PATHS = NO;
				ASSETCATALOG_COMPILER_GENERATE_SWIFT_ASSET_SYMBOL_EXTENSIONS = YES;
				CLANG_ANALYZER_NONNULL = YES;
				CLANG_ANALYZER_NUMBER_OBJECT_CONVERSION = YES_AGGRESSIVE;
				CLANG_CXX_LANGUAGE_STANDARD = "gnu++20";
				CLANG_ENABLE_MODULES = YES;
				CLANG_ENABLE_OBJC_ARC = YES;
				CLANG_ENABLE_OBJC_WEAK = YES;
				CLANG_WARN_BLOCK_CAPTURE_AUTORELEASING = YES;
				CLANG_WARN_BOOL_CONVERSION = YES;
				CLANG_WARN_COMMA = YES;
				CLANG_WARN_CONSTANT_CONVERSION = YES;
				CLANG_WARN_DEPRECATED_OBJC_IMPLEMENTATIONS = YES;
				CLANG_WARN_DIRECT_OBJC_ISA_USAGE = YES_ERROR;
				CLANG_WARN_DOCUMENTATION_COMMENTS = YES;
				CLANG_WARN_EMPTY_BODY = YES;
				CLANG_WARN_ENUM_CONVERSION = YES;
				CLANG_WARN_INFINITE_RECURSION = YES;
				CLANG_WARN_INT_CONVERSION = YES;
				CLANG_WARN_NON_LITERAL_NULL_CONVERSION = YES;
				CLANG_WARN_OBJC_IMPLICIT_RETAIN_SELF = YES;
				CLANG_WARN_OBJC_LITERAL_CONVERSION = YES;
				CLANG_WARN_OBJC_ROOT_CLASS = YES_ERROR;
				CLANG_WARN_QUOTED_INCLUDE_IN_FRAMEWORK_HEADER = YES;
				CLANG_WARN_RANGE_LOOP_ANALYSIS = YES;
				CLANG_WARN_STRICT_PROTOTYPES = YES;
				CLANG_WARN_SUSPICIOUS_MOVE = YES;
				CLANG_WARN_UNGUARDED_AVAILABILITY = YES_AGGRESSIVE;
				CLANG_WARN_UNREACHABLE_CODE = YES;
				CLANG_WARN__DUPLICATE_METHOD_MATCH = YES;
				COPY_PHASE_STRIP = NO;
				DEBUG_INFORMATION_FORMAT = dwarf;
				ENABLE_STRICT_OBJC_MSGSEND = YES;
				ENABLE_TESTABILITY = YES;
				ENABLE_USER_SCRIPT_SANDBOXING = YES;
				GCC_C_LANGUAGE_STANDARD = gnu17;
				GCC_DYNAMIC_NO_PIC = NO;
				GCC_NO_COMMON_BLOCKS = YES;
				GCC_OPTIMIZATION_LEVEL = 0;
				GCC_PREPROCESSOR_DEFINITIONS = (
					"DEBUG=1",
					"$(inherited)",
				);
				GCC_WARN_64_TO_32_BIT_CONVERSION = YES;
				GCC_WARN_ABOUT_RETURN_TYPE = YES_ERROR;
				GCC_WARN_UNDECLARED_SELECTOR = YES;
				GCC_WARN_UNINITIALIZED_AUTOS = YES_AGGRESSIVE;
				GCC_WARN_UNUSED_FUNCTION = YES;
				GCC_WARN_UNUSED_VARIABLE = YES;
				IPHONEOS_DEPLOYMENT_TARGET = 17.2;
				LOCALIZATION_PREFERS_STRING_CATALOGS = YES;
				MTL_ENABLE_DEBUG_INFO = INCLUDE_SOURCE;
				MTL_FAST_MATH = YES;
				ONLY_ACTIVE_ARCH = YES;
				SDKROOT = iphoneos;
				SWIFT_ACTIVE_COMPILATION_CONDITIONS = "DEBUG $(inherited)";
				SWIFT_OPTIMIZATION_LEVEL = "-Onone";
			};
			name = Debug;
		};
		DD849D922B382DDF0083F17F /* Release */ = {
			isa = XCBuildConfiguration;
			buildSettings = {
				ALWAYS_SEARCH_USER_PATHS = NO;
				ASSETCATALOG_COMPILER_GENERATE_SWIFT_ASSET_SYMBOL_EXTENSIONS = YES;
				CLANG_ANALYZER_NONNULL = YES;
				CLANG_ANALYZER_NUMBER_OBJECT_CONVERSION = YES_AGGRESSIVE;
				CLANG_CXX_LANGUAGE_STANDARD = "gnu++20";
				CLANG_ENABLE_MODULES = YES;
				CLANG_ENABLE_OBJC_ARC = YES;
				CLANG_ENABLE_OBJC_WEAK = YES;
				CLANG_WARN_BLOCK_CAPTURE_AUTORELEASING = YES;
				CLANG_WARN_BOOL_CONVERSION = YES;
				CLANG_WARN_COMMA = YES;
				CLANG_WARN_CONSTANT_CONVERSION = YES;
				CLANG_WARN_DEPRECATED_OBJC_IMPLEMENTATIONS = YES;
				CLANG_WARN_DIRECT_OBJC_ISA_USAGE = YES_ERROR;
				CLANG_WARN_DOCUMENTATION_COMMENTS = YES;
				CLANG_WARN_EMPTY_BODY = YES;
				CLANG_WARN_ENUM_CONVERSION = YES;
				CLANG_WARN_INFINITE_RECURSION = YES;
				CLANG_WARN_INT_CONVERSION = YES;
				CLANG_WARN_NON_LITERAL_NULL_CONVERSION = YES;
				CLANG_WARN_OBJC_IMPLICIT_RETAIN_SELF = YES;
				CLANG_WARN_OBJC_LITERAL_CONVERSION = YES;
				CLANG_WARN_OBJC_ROOT_CLASS = YES_ERROR;
				CLANG_WARN_QUOTED_INCLUDE_IN_FRAMEWORK_HEADER = YES;
				CLANG_WARN_RANGE_LOOP_ANALYSIS = YES;
				CLANG_WARN_STRICT_PROTOTYPES = YES;
				CLANG_WARN_SUSPICIOUS_MOVE = YES;
				CLANG_WARN_UNGUARDED_AVAILABILITY = YES_AGGRESSIVE;
				CLANG_WARN_UNREACHABLE_CODE = YES;
				CLANG_WARN__DUPLICATE_METHOD_MATCH = YES;
				COPY_PHASE_STRIP = NO;
				DEBUG_INFORMATION_FORMAT = "dwarf-with-dsym";
				ENABLE_NS_ASSERTIONS = NO;
				ENABLE_STRICT_OBJC_MSGSEND = YES;
				ENABLE_USER_SCRIPT_SANDBOXING = YES;
				GCC_C_LANGUAGE_STANDARD = gnu17;
				GCC_NO_COMMON_BLOCKS = YES;
				GCC_WARN_64_TO_32_BIT_CONVERSION = YES;
				GCC_WARN_ABOUT_RETURN_TYPE = YES_ERROR;
				GCC_WARN_UNDECLARED_SELECTOR = YES;
				GCC_WARN_UNINITIALIZED_AUTOS = YES_AGGRESSIVE;
				GCC_WARN_UNUSED_FUNCTION = YES;
				GCC_WARN_UNUSED_VARIABLE = YES;
				IPHONEOS_DEPLOYMENT_TARGET = 17.2;
				LOCALIZATION_PREFERS_STRING_CATALOGS = YES;
				MTL_ENABLE_DEBUG_INFO = NO;
				MTL_FAST_MATH = YES;
				SDKROOT = iphoneos;
				SWIFT_COMPILATION_MODE = wholemodule;
				VALIDATE_PRODUCT = YES;
			};
			name = Release;
		};
		DD849D942B382DDF0083F17F /* Debug */ = {
			isa = XCBuildConfiguration;
			buildSettings = {
				ASSETCATALOG_COMPILER_APPICON_NAME = AppIcon;
				ASSETCATALOG_COMPILER_GLOBAL_ACCENT_COLOR_NAME = AccentColor;
				CODE_SIGN_STYLE = Automatic;
				CURRENT_PROJECT_VERSION = 1;
				DEVELOPMENT_ASSET_PATHS = "\"Appetizers/Preview Content\"";
				DEVELOPMENT_TEAM = 4RUKJ5BRNZ;
				ENABLE_PREVIEWS = YES;
				GENERATE_INFOPLIST_FILE = YES;
				INFOPLIST_KEY_UIApplicationSceneManifest_Generation = YES;
				INFOPLIST_KEY_UIApplicationSupportsIndirectInputEvents = YES;
				INFOPLIST_KEY_UILaunchScreen_Generation = YES;
				INFOPLIST_KEY_UISupportedInterfaceOrientations_iPad = "UIInterfaceOrientationPortrait UIInterfaceOrientationPortraitUpsideDown UIInterfaceOrientationLandscapeLeft UIInterfaceOrientationLandscapeRight";
				INFOPLIST_KEY_UISupportedInterfaceOrientations_iPhone = "UIInterfaceOrientationPortrait UIInterfaceOrientationLandscapeLeft UIInterfaceOrientationLandscapeRight";
				LD_RUNPATH_SEARCH_PATHS = (
					"$(inherited)",
					"@executable_path/Frameworks",
				);
				MARKETING_VERSION = 1.0;
				PRODUCT_BUNDLE_IDENTIFIER = com.DavronAbdukhakimov.Appetizers;
				PRODUCT_NAME = "$(TARGET_NAME)";
				SWIFT_EMIT_LOC_STRINGS = YES;
				SWIFT_VERSION = 5.0;
				TARGETED_DEVICE_FAMILY = "1,2";
			};
			name = Debug;
		};
		DD849D952B382DDF0083F17F /* Release */ = {
			isa = XCBuildConfiguration;
			buildSettings = {
				ASSETCATALOG_COMPILER_APPICON_NAME = AppIcon;
				ASSETCATALOG_COMPILER_GLOBAL_ACCENT_COLOR_NAME = AccentColor;
				CODE_SIGN_STYLE = Automatic;
				CURRENT_PROJECT_VERSION = 1;
				DEVELOPMENT_ASSET_PATHS = "\"Appetizers/Preview Content\"";
				DEVELOPMENT_TEAM = 4RUKJ5BRNZ;
				ENABLE_PREVIEWS = YES;
				GENERATE_INFOPLIST_FILE = YES;
				INFOPLIST_KEY_UIApplicationSceneManifest_Generation = YES;
				INFOPLIST_KEY_UIApplicationSupportsIndirectInputEvents = YES;
				INFOPLIST_KEY_UILaunchScreen_Generation = YES;
				INFOPLIST_KEY_UISupportedInterfaceOrientations_iPad = "UIInterfaceOrientationPortrait UIInterfaceOrientationPortraitUpsideDown UIInterfaceOrientationLandscapeLeft UIInterfaceOrientationLandscapeRight";
				INFOPLIST_KEY_UISupportedInterfaceOrientations_iPhone = "UIInterfaceOrientationPortrait UIInterfaceOrientationLandscapeLeft UIInterfaceOrientationLandscapeRight";
				LD_RUNPATH_SEARCH_PATHS = (
					"$(inherited)",
					"@executable_path/Frameworks",
				);
				MARKETING_VERSION = 1.0;
				PRODUCT_BUNDLE_IDENTIFIER = com.DavronAbdukhakimov.Appetizers;
				PRODUCT_NAME = "$(TARGET_NAME)";
				SWIFT_EMIT_LOC_STRINGS = YES;
				SWIFT_VERSION = 5.0;
				TARGETED_DEVICE_FAMILY = "1,2";
			};
			name = Release;
		};
/* End XCBuildConfiguration section */

/* Begin XCConfigurationList section */
		DD849D802B382DDD0083F17F /* Build configuration list for PBXProject "Appetizers" */ = {
			isa = XCConfigurationList;
			buildConfigurations = (
				DD849D912B382DDF0083F17F /* Debug */,
				DD849D922B382DDF0083F17F /* Release */,
			);
			defaultConfigurationIsVisible = 0;
			defaultConfigurationName = Release;
		};
		DD849D932B382DDF0083F17F /* Build configuration list for PBXNativeTarget "Appetizers" */ = {
			isa = XCConfigurationList;
			buildConfigurations = (
				DD849D942B382DDF0083F17F /* Debug */,
				DD849D952B382DDF0083F17F /* Release */,
			);
			defaultConfigurationIsVisible = 0;
			defaultConfigurationName = Release;
		};
/* End XCConfigurationList section */
	};
	rootObject = DD849D7D2B382DDD0083F17F /* Project object */;
}
